
Microsoft Visual Studio Solution File, Format Version 12.00
# Visual Studio 14
VisualStudioVersion = 14.0.24720.0
MinimumVisualStudioVersion = 10.0.40219.1
Project("{FAE04EC0-301F-11D3-BF4B-00C04F79EFBC}") = "Integration", "HybrasylIntegration\Integration.csproj", "{1BCB1A3F-CD72-49A3-A962-C581685820F7}"
EndProject
Project("{FAE04EC0-301F-11D3-BF4B-00C04F79EFBC}") = "XML", "HybrasylXML\XML.csproj", "{3F21B116-7897-4AE5-A675-8E666A264A30}"
EndProject
Project("{FAE04EC0-301F-11D3-BF4B-00C04F79EFBC}") = "Imaging", "HybrasylImaging\Imaging.csproj", "{388625EA-DB69-43F8-91CD-ADB72EA9493B}"
EndProject
Project("{FAE04EC0-301F-11D3-BF4B-00C04F79EFBC}") = "IO", "IO\IO.csproj", "{BC0B3146-D1A2-4005-B0BD-5CBB2BBF76A4}"
EndProject
Global
	GlobalSection(SolutionConfigurationPlatforms) = preSolution
		Debug|Any CPU = Debug|Any CPU
		Release|Any CPU = Release|Any CPU
	EndGlobalSection
	GlobalSection(ProjectConfigurationPlatforms) = postSolution
		{1BCB1A3F-CD72-49A3-A962-C581685820F7}.Debug|Any CPU.ActiveCfg = Debug|Any CPU
		{1BCB1A3F-CD72-49A3-A962-C581685820F7}.Debug|Any CPU.Build.0 = Debug|Any CPU
		{1BCB1A3F-CD72-49A3-A962-C581685820F7}.Release|Any CPU.ActiveCfg = Release|Any CPU
		{1BCB1A3F-CD72-49A3-A962-C581685820F7}.Release|Any CPU.Build.0 = Release|Any CPU
		{3F21B116-7897-4AE5-A675-8E666A264A30}.Debug|Any CPU.ActiveCfg = Debug|Any CPU
		{3F21B116-7897-4AE5-A675-8E666A264A30}.Debug|Any CPU.Build.0 = Debug|Any CPU
		{3F21B116-7897-4AE5-A675-8E666A264A30}.Release|Any CPU.ActiveCfg = Release|Any CPU
		{3F21B116-7897-4AE5-A675-8E666A264A30}.Release|Any CPU.Build.0 = Release|Any CPU
		{388625EA-DB69-43F8-91CD-ADB72EA9493B}.Debug|Any CPU.ActiveCfg = Debug|Any CPU
		{388625EA-DB69-43F8-91CD-ADB72EA9493B}.Debug|Any CPU.Build.0 = Debug|Any CPU
		{388625EA-DB69-43F8-91CD-ADB72EA9493B}.Release|Any CPU.ActiveCfg = Release|Any CPU
		{388625EA-DB69-43F8-91CD-ADB72EA9493B}.Release|Any CPU.Build.0 = Release|Any CPU
		{BC0B3146-D1A2-4005-B0BD-5CBB2BBF76A4}.Debug|Any CPU.ActiveCfg = Debug|Any CPU
		{BC0B3146-D1A2-4005-B0BD-5CBB2BBF76A4}.Debug|Any CPU.Build.0 = Debug|Any CPU
		{BC0B3146-D1A2-4005-B0BD-5CBB2BBF76A4}.Release|Any CPU.ActiveCfg = Release|Any CPU
		{BC0B3146-D1A2-4005-B0BD-5CBB2BBF76A4}.Release|Any CPU.Build.0 = Release|Any CPU
	EndGlobalSection
	GlobalSection(SolutionProperties) = preSolution
		HideSolutionNode = FALSE
	EndGlobalSection
EndGlobal
